// !$*UTF8*$!
{
	archiveVersion = 1;
	classes = {
	};
	objectVersion = 46;
	objects = {

/* Begin PBXBuildFile section */
		F40BBFE41D35659600848662 /* FirstViewController.m in Sources */ = {isa = PBXBuildFile; fileRef = F40BBFE31D35659600848662 /* FirstViewController.m */; };
		F40BBFE71D356A1800848662 /* SecondViewController.m in Sources */ = {isa = PBXBuildFile; fileRef = F40BBFE61D356A1800848662 /* SecondViewController.m */; };
		F40BBFEA1D3570CC00848662 /* ThirdViewController.m in Sources */ = {isa = PBXBuildFile; fileRef = F40BBFE91D3570CC00848662 /* ThirdViewController.m */; };
		F4383CA81D33D7BD0059EB67 /* main.m in Sources */ = {isa = PBXBuildFile; fileRef = F4383CA71D33D7BD0059EB67 /* main.m */; };
		F4383CAB1D33D7BD0059EB67 /* AppDelegate.m in Sources */ = {isa = PBXBuildFile; fileRef = F4383CAA1D33D7BD0059EB67 /* AppDelegate.m */; };
		F4383CB11D33D7BD0059EB67 /* Main.storyboard in Resources */ = {isa = PBXBuildFile; fileRef = F4383CAF1D33D7BD0059EB67 /* Main.storyboard */; };
		F4383CB31D33D7BD0059EB67 /* Assets.xcassets in Resources */ = {isa = PBXBuildFile; fileRef = F4383CB21D33D7BD0059EB67 /* Assets.xcassets */; };
		F4383CB61D33D7BD0059EB67 /* LaunchScreen.storyboard in Resources */ = {isa = PBXBuildFile; fileRef = F4383CB41D33D7BD0059EB67 /* LaunchScreen.storyboard */; };
		F45CCC571D36903E00ED6C5A /* AdvisorViewController.m in Sources */ = {isa = PBXBuildFile; fileRef = F45CCC561D36903E00ED6C5A /* AdvisorViewController.m */; };
		F45CCC5A1D36BB9D00ED6C5A /* LoginViewController.m in Sources */ = {isa = PBXBuildFile; fileRef = F45CCC591D36BB9D00ED6C5A /* LoginViewController.m */; };
		F45CCC5D1D380B0900ED6C5A /* User.m in Sources */ = {isa = PBXBuildFile; fileRef = F45CCC5C1D380B0900ED6C5A /* User.m */; };
		F45CCC601D382ADB00ED6C5A /* Expenses.m in Sources */ = {isa = PBXBuildFile; fileRef = F45CCC5F1D382ADB00ED6C5A /* Expenses.m */; };
		F45CCC631D382AEF00ED6C5A /* Income.m in Sources */ = {isa = PBXBuildFile; fileRef = F45CCC621D382AEF00ED6C5A /* Income.m */; };
/* End PBXBuildFile section */

/* Begin PBXFileReference section */
		F40BBFE21D35659600848662 /* FirstViewController.h */ = {isa = PBXFileReference; fileEncoding = 4; lastKnownFileType = sourcecode.c.h; name = FirstViewController.h; path = ../FirstViewController.h; sourceTree = "<group>"; };
		F40BBFE31D35659600848662 /* FirstViewController.m */ = {isa = PBXFileReference; fileEncoding = 4; lastKnownFileType = sourcecode.c.objc; name = FirstViewController.m; path = ../FirstViewController.m; sourceTree = "<group>"; };
		F40BBFE51D356A1800848662 /* SecondViewController.h */ = {isa = PBXFileReference; fileEncoding = 4; lastKnownFileType = sourcecode.c.h; path = SecondViewController.h; sourceTree = "<group>"; };
		F40BBFE61D356A1800848662 /* SecondViewController.m */ = {isa = PBXFileReference; fileEncoding = 4; lastKnownFileType = sourcecode.c.objc; path = SecondViewController.m; sourceTree = "<group>"; };
		F40BBFE81D3570CC00848662 /* ThirdViewController.h */ = {isa = PBXFileReference; fileEncoding = 4; lastKnownFileType = sourcecode.c.h; path = ThirdViewController.h; sourceTree = "<group>"; };
		F40BBFE91D3570CC00848662 /* ThirdViewController.m */ = {isa = PBXFileReference; fileEncoding = 4; lastKnownFileType = sourcecode.c.objc; path = ThirdViewController.m; sourceTree = "<group>"; };
		F4383CA31D33D7BD0059EB67 /* RetirementApp.app */ = {isa = PBXFileReference; explicitFileType = wrapper.application; includeInIndex = 0; path = RetirementApp.app; sourceTree = BUILT_PRODUCTS_DIR; };
		F4383CA71D33D7BD0059EB67 /* main.m */ = {isa = PBXFileReference; lastKnownFileType = sourcecode.c.objc; path = main.m; sourceTree = "<group>"; };
		F4383CA91D33D7BD0059EB67 /* AppDelegate.h */ = {isa = PBXFileReference; lastKnownFileType = sourcecode.c.h; path = AppDelegate.h; sourceTree = "<group>"; };
		F4383CAA1D33D7BD0059EB67 /* AppDelegate.m */ = {isa = PBXFileReference; lastKnownFileType = sourcecode.c.objc; path = AppDelegate.m; sourceTree = "<group>"; };
		F4383CB01D33D7BD0059EB67 /* Base */ = {isa = PBXFileReference; lastKnownFileType = file.storyboard; name = Base; path = Base.lproj/Main.storyboard; sourceTree = "<group>"; };
		F4383CB21D33D7BD0059EB67 /* Assets.xcassets */ = {isa = PBXFileReference; lastKnownFileType = folder.assetcatalog; path = Assets.xcassets; sourceTree = "<group>"; };
		F4383CB51D33D7BD0059EB67 /* Base */ = {isa = PBXFileReference; lastKnownFileType = file.storyboard; name = Base; path = Base.lproj/LaunchScreen.storyboard; sourceTree = "<group>"; };
		F4383CB71D33D7BD0059EB67 /* Info.plist */ = {isa = PBXFileReference; lastKnownFileType = text.plist.xml; path = Info.plist; sourceTree = "<group>"; };
		F45CCC551D36903E00ED6C5A /* AdvisorViewController.h */ = {isa = PBXFileReference; fileEncoding = 4; lastKnownFileType = sourcecode.c.h; path = AdvisorViewController.h; sourceTree = "<group>"; };
		F45CCC561D36903E00ED6C5A /* AdvisorViewController.m */ = {isa = PBXFileReference; fileEncoding = 4; lastKnownFileType = sourcecode.c.objc; path = AdvisorViewController.m; sourceTree = "<group>"; };
		F45CCC581D36BB9D00ED6C5A /* LoginViewController.h */ = {isa = PBXFileReference; fileEncoding = 4; lastKnownFileType = sourcecode.c.h; path = LoginViewController.h; sourceTree = "<group>"; };
		F45CCC591D36BB9D00ED6C5A /* LoginViewController.m */ = {isa = PBXFileReference; fileEncoding = 4; lastKnownFileType = sourcecode.c.objc; path = LoginViewController.m; sourceTree = "<group>"; };
		F45CCC5B1D380B0900ED6C5A /* User.h */ = {isa = PBXFileReference; fileEncoding = 4; lastKnownFileType = sourcecode.c.h; path = User.h; sourceTree = "<group>"; };
		F45CCC5C1D380B0900ED6C5A /* User.m */ = {isa = PBXFileReference; fileEncoding = 4; lastKnownFileType = sourcecode.c.objc; path = User.m; sourceTree = "<group>"; };
		F45CCC5E1D382ADB00ED6C5A /* Expenses.h */ = {isa = PBXFileReference; fileEncoding = 4; lastKnownFileType = sourcecode.c.h; path = Expenses.h; sourceTree = "<group>"; };
		F45CCC5F1D382ADB00ED6C5A /* Expenses.m */ = {isa = PBXFileReference; fileEncoding = 4; lastKnownFileType = sourcecode.c.objc; path = Expenses.m; sourceTree = "<group>"; };
		F45CCC611D382AEF00ED6C5A /* Income.h */ = {isa = PBXFileReference; fileEncoding = 4; lastKnownFileType = sourcecode.c.h; path = Income.h; sourceTree = "<group>"; };
		F45CCC621D382AEF00ED6C5A /* Income.m */ = {isa = PBXFileReference; fileEncoding = 4; lastKnownFileType = sourcecode.c.objc; path = Income.m; sourceTree = "<group>"; };
/* End PBXFileReference section */

/* Begin PBXFrameworksBuildPhase section */
		F4383CA01D33D7BC0059EB67 /* Frameworks */ = {
			isa = PBXFrameworksBuildPhase;
			buildActionMask = 2147483647;
			files = (
			);
			runOnlyForDeploymentPostprocessing = 0;
		};
/* End PBXFrameworksBuildPhase section */

/* Begin PBXGroup section */
		F4383C9A1D33D7BC0059EB67 = {
			isa = PBXGroup;
			children = (
				F4383CA51D33D7BD0059EB67 /* RetirementApp */,
				F4383CA41D33D7BD0059EB67 /* Products */,
			);
			sourceTree = "<group>";
		};
		F4383CA41D33D7BD0059EB67 /* Products */ = {
			isa = PBXGroup;
			children = (
				F4383CA31D33D7BD0059EB67 /* RetirementApp.app */,
			);
			name = Products;
			sourceTree = "<group>";
		};
		F4383CA51D33D7BD0059EB67 /* RetirementApp */ = {
			isa = PBXGroup;
			children = (
				F4383CA91D33D7BD0059EB67 /* AppDelegate.h */,
				F4383CAA1D33D7BD0059EB67 /* AppDelegate.m */,
				F45CCC5E1D382ADB00ED6C5A /* Expenses.h */,
				F45CCC5F1D382ADB00ED6C5A /* Expenses.m */,
				F45CCC611D382AEF00ED6C5A /* Income.h */,
				F45CCC621D382AEF00ED6C5A /* Income.m */,
				F45CCC5B1D380B0900ED6C5A /* User.h */,
				F45CCC5C1D380B0900ED6C5A /* User.m */,
				F45CCC551D36903E00ED6C5A /* AdvisorViewController.h */,
				F45CCC561D36903E00ED6C5A /* AdvisorViewController.m */,
				F40BBFE81D3570CC00848662 /* ThirdViewController.h */,
				F40BBFE91D3570CC00848662 /* ThirdViewController.m */,
				F40BBFE51D356A1800848662 /* SecondViewController.h */,
				F40BBFE61D356A1800848662 /* SecondViewController.m */,
				F40BBFE21D35659600848662 /* FirstViewController.h */,
				F40BBFE31D35659600848662 /* FirstViewController.m */,
				F45CCC581D36BB9D00ED6C5A /* LoginViewController.h */,
				F45CCC591D36BB9D00ED6C5A /* LoginViewController.m */,
				F4383CAF1D33D7BD0059EB67 /* Main.storyboard */,
				F4383CB21D33D7BD0059EB67 /* Assets.xcassets */,
				F4383CB41D33D7BD0059EB67 /* LaunchScreen.storyboard */,
				F4383CB71D33D7BD0059EB67 /* Info.plist */,
				F4383CA61D33D7BD0059EB67 /* Supporting Files */,
			);
			path = RetirementApp;
			sourceTree = "<group>";
		};
		F4383CA61D33D7BD0059EB67 /* Supporting Files */ = {
			isa = PBXGroup;
			children = (
				F4383CA71D33D7BD0059EB67 /* main.m */,
			);
			name = "Supporting Files";
			sourceTree = "<group>";
		};
/* End PBXGroup section */

/* Begin PBXNativeTarget section */
		F4383CA21D33D7BC0059EB67 /* RetirementApp */ = {
			isa = PBXNativeTarget;
			buildConfigurationList = F4383CBA1D33D7BD0059EB67 /* Build configuration list for PBXNativeTarget "RetirementApp" */;
			buildPhases = (
				F4383C9F1D33D7BC0059EB67 /* Sources */,
				F4383CA01D33D7BC0059EB67 /* Frameworks */,
				F4383CA11D33D7BC0059EB67 /* Resources */,
			);
			buildRules = (
			);
			dependencies = (
			);
			name = RetirementApp;
			productName = RetirementApp;
			productReference = F4383CA31D33D7BD0059EB67 /* RetirementApp.app */;
			productType = "com.apple.product-type.application";
		};
/* End PBXNativeTarget section */

/* Begin PBXProject section */
		F4383C9B1D33D7BC0059EB67 /* Project object */ = {
			isa = PBXProject;
			attributes = {
				LastUpgradeCheck = 0730;
				ORGANIZATIONNAME = "Detroit Labs";
				TargetAttributes = {
					F4383CA21D33D7BC0059EB67 = {
						CreatedOnToolsVersion = 7.3.1;
						DevelopmentTeam = RZ73YAK95S;
					};
				};
			};
			buildConfigurationList = F4383C9E1D33D7BC0059EB67 /* Build configuration list for PBXProject "RetirementApp" */;
			compatibilityVersion = "Xcode 3.2";
			developmentRegion = English;
			hasScannedForEncodings = 0;
			knownRegions = (
				en,
				Base,
			);
			mainGroup = F4383C9A1D33D7BC0059EB67;
			productRefGroup = F4383CA41D33D7BD0059EB67 /* Products */;
			projectDirPath = "";
			projectRoot = "";
			targets = (
				F4383CA21D33D7BC0059EB67 /* RetirementApp */,
			);
		};
/* End PBXProject section */

/* Begin PBXResourcesBuildPhase section */
		F4383CA11D33D7BC0059EB67 /* Resources */ = {
			isa = PBXResourcesBuildPhase;
			buildActionMask = 2147483647;
			files = (
				F4383CB61D33D7BD0059EB67 /* LaunchScreen.storyboard in Resources */,
				F4383CB31D33D7BD0059EB67 /* Assets.xcassets in Resources */,
				F4383CB11D33D7BD0059EB67 /* Main.storyboard in Resources */,
			);
			runOnlyForDeploymentPostprocessing = 0;
		};
/* End PBXResourcesBuildPhase section */

/* Begin PBXSourcesBuildPhase section */
		F4383C9F1D33D7BC0059EB67 /* Sources */ = {
			isa = PBXSourcesBuildPhase;
			buildActionMask = 2147483647;
			files = (
				F45CCC601D382ADB00ED6C5A /* Expenses.m in Sources */,
				F45CCC631D382AEF00ED6C5A /* Income.m in Sources */,
				F45CCC5A1D36BB9D00ED6C5A /* LoginViewController.m in Sources */,
				F40BBFE71D356A1800848662 /* SecondViewController.m in Sources */,
				F45CCC5D1D380B0900ED6C5A /* User.m in Sources */,
				F4383CAB1D33D7BD0059EB67 /* AppDelegate.m in Sources */,
				F40BBFEA1D3570CC00848662 /* ThirdViewController.m in Sources */,
				F4383CA81D33D7BD0059EB67 /* main.m in Sources */,
				F45CCC571D36903E00ED6C5A /* AdvisorViewController.m in Sources */,
				F40BBFE41D35659600848662 /* FirstViewController.m in Sources */,
			);
			runOnlyForDeploymentPostprocessing = 0;
		};
/* End PBXSourcesBuildPhase section */

/* Begin PBXVariantGroup section */
		F4383CAF1D33D7BD0059EB67 /* Main.storyboard */ = {
			isa = PBXVariantGroup;
			children = (
				F4383CB01D33D7BD0059EB67 /* Base */,
			);
			name = Main.storyboard;
			sourceTree = "<group>";
		};
		F4383CB41D33D7BD0059EB67 /* LaunchScreen.storyboard */ = {
			isa = PBXVariantGroup;
			children = (
				F4383CB51D33D7BD0059EB67 /* Base */,
			);
			name = LaunchScreen.storyboard;
			sourceTree = "<group>";
		};
/* End PBXVariantGroup section */

/* Begin XCBuildConfiguration section */
		F4383CB81D33D7BD0059EB67 /* Debug */ = {
			isa = XCBuildConfiguration;
			buildSettings = {
				ALWAYS_SEARCH_USER_PATHS = NO;
				CLANG_ANALYZER_NONNULL = YES;
				CLANG_CXX_LANGUAGE_STANDARD = "gnu++0x";
				CLANG_CXX_LIBRARY = "libc++";
				CLANG_ENABLE_MODULES = YES;
				CLANG_ENABLE_OBJC_ARC = YES;
				CLANG_WARN_BOOL_CONVERSION = YES;
				CLANG_WARN_CONSTANT_CONVERSION = YES;
				CLANG_WARN_DIRECT_OBJC_ISA_USAGE = YES_ERROR;
				CLANG_WARN_EMPTY_BODY = YES;
				CLANG_WARN_ENUM_CONVERSION = YES;
				CLANG_WARN_INT_CONVERSION = YES;
				CLANG_WARN_OBJC_ROOT_CLASS = YES_ERROR;
				CLANG_WARN_UNREACHABLE_CODE = YES;
				CLANG_WARN__DUPLICATE_METHOD_MATCH = YES;
				"CODE_SIGN_IDENTITY[sdk=iphoneos*]" = "iPhone Developer";
				COPY_PHASE_STRIP = NO;
				DEBUG_INFORMATION_FORMAT = dwarf;
				ENABLE_STRICT_OBJC_MSGSEND = YES;
				ENABLE_TESTABILITY = YES;
				GCC_C_LANGUAGE_STANDARD = gnu99;
				GCC_DYNAMIC_NO_PIC = NO;
				GCC_NO_COMMON_BLOCKS = YES;
				GCC_OPTIMIZATION_LEVEL = 0;
				GCC_PREPROCESSOR_DEFINITIONS = (
					"DEBUG=1",
					"$(inherited)",
				);
				GCC_WARN_64_TO_32_BIT_CONVERSION = YES;
				GCC_WARN_ABOUT_RETURN_TYPE = YES_ERROR;
				GCC_WARN_UNDECLARED_SELECTOR = YES;
				GCC_WARN_UNINITIALIZED_AUTOS = YES_AGGRESSIVE;
				GCC_WARN_UNUSED_FUNCTION = YES;
				GCC_WARN_UNUSED_VARIABLE = YES;
				IPHONEOS_DEPLOYMENT_TARGET = 9.3;
				MTL_ENABLE_DEBUG_INFO = YES;
				ONLY_ACTIVE_ARCH = YES;
				SDKROOT = iphoneos;
			};
			name = Debug;
		};
		F4383CB91D33D7BD0059EB67 /* Release */ = {
			isa = XCBuildConfiguration;
			buildSettings = {
				ALWAYS_SEARCH_USER_PATHS = NO;
				CLANG_ANALYZER_NONNULL = YES;
				CLANG_CXX_LANGUAGE_STANDARD = "gnu++0x";
				CLANG_CXX_LIBRARY = "libc++";
				CLANG_ENABLE_MODULES = YES;
				CLANG_ENABLE_OBJC_ARC = YES;
				CLANG_WARN_BOOL_CONVERSION = YES;
				CLANG_WARN_CONSTANT_CONVERSION = YES;
				CLANG_WARN_DIRECT_OBJC_ISA_USAGE = YES_ERROR;
				CLANG_WARN_EMPTY_BODY = YES;
				CLANG_WARN_ENUM_CONVERSION = YES;
				CLANG_WARN_INT_CONVERSION = YES;
				CLANG_WARN_OBJC_ROOT_CLASS = YES_ERROR;
				CLANG_WARN_UNREACHABLE_CODE = YES;
				CLANG_WARN__DUPLICATE_METHOD_MATCH = YES;
				"CODE_SIGN_IDENTITY[sdk=iphoneos*]" = "iPhone Developer";
				COPY_PHASE_STRIP = NO;
				DEBUG_INFORMATION_FORMAT = "dwarf-with-dsym";
				ENABLE_NS_ASSERTIONS = NO;
				ENABLE_STRICT_OBJC_MSGSEND = YES;
				GCC_C_LANGUAGE_STANDARD = gnu99;
				GCC_NO_COMMON_BLOCKS = YES;
				GCC_WARN_64_TO_32_BIT_CONVERSION = YES;
				GCC_WARN_ABOUT_RETURN_TYPE = YES_ERROR;
				GCC_WARN_UNDECLARED_SELECTOR = YES;
				GCC_WARN_UNINITIALIZED_AUTOS = YES_AGGRESSIVE;
				GCC_WARN_UNUSED_FUNCTION = YES;
				GCC_WARN_UNUSED_VARIABLE = YES;
				IPHONEOS_DEPLOYMENT_TARGET = 9.3;
				MTL_ENABLE_DEBUG_INFO = NO;
				SDKROOT = iphoneos;
				VALIDATE_PRODUCT = YES;
			};
			name = Release;
		};
		F4383CBB1D33D7BD0059EB67 /* Debug */ = {
			isa = XCBuildConfiguration;
			buildSettings = {
				ASSETCATALOG_COMPILER_APPICON_NAME = AppIcon;
				INFOPLIST_FILE = RetirementApp/Info.plist;
				LD_RUNPATH_SEARCH_PATHS = "$(inherited) @executable_path/Frameworks";
				PRODUCT_BUNDLE_IDENTIFIER = com.detroitlabs.RetirementApp;
				PRODUCT_NAME = "$(TARGET_NAME)";
			};
			name = Debug;
		};
		F4383CBC1D33D7BD0059EB67 /* Release */ = {
			isa = XCBuildConfiguration;
			buildSettings = {
				ASSETCATALOG_COMPILER_APPICON_NAME = AppIcon;
				INFOPLIST_FILE = RetirementApp/Info.plist;
				LD_RUNPATH_SEARCH_PATHS = "$(inherited) @executable_path/Frameworks";
				PRODUCT_BUNDLE_IDENTIFIER = com.detroitlabs.RetirementApp;
				PRODUCT_NAME = "$(TARGET_NAME)";
			};
			name = Release;
		};
/* End XCBuildConfiguration section */

/* Begin XCConfigurationList section */
		F4383C9E1D33D7BC0059EB67 /* Build configuration list for PBXProject "RetirementApp" */ = {
			isa = XCConfigurationList;
			buildConfigurations = (
				F4383CB81D33D7BD0059EB67 /* Debug */,
				F4383CB91D33D7BD0059EB67 /* Release */,
			);
			defaultConfigurationIsVisible = 0;
			defaultConfigurationName = Release;
		};
		F4383CBA1D33D7BD0059EB67 /* Build configuration list for PBXNativeTarget "RetirementApp" */ = {
			isa = XCConfigurationList;
			buildConfigurations = (
				F4383CBB1D33D7BD0059EB67 /* Debug */,
				F4383CBC1D33D7BD0059EB67 /* Release */,
			);
			defaultConfigurationIsVisible = 0;
			defaultConfigurationName = Release;
		};
/* End XCConfigurationList section */
	};
	rootObject = F4383C9B1D33D7BC0059EB67 /* Project object */;
}
